
Microsoft Visual Studio Solution File, Format Version 12.00
# Visual Studio 15
VisualStudioVersion = 15.0.27703.2047
MinimumVisualStudioVersion = 10.0.40219.1
Project("{9A19103F-16F7-4668-BE54-9A1E7A4F7556}") = "Infrastructure", "Infrastructure\Infrastructure.csproj", "{2B0980F3-AA5D-4361-B380-3F0A65913DFA}"
EndProject
Project("{9A19103F-16F7-4668-BE54-9A1E7A4F7556}") = "Domain", "Domain\Domain.csproj", "{B5E696D5-6EF7-4B59-9C44-9E3FBF8CD027}"
EndProject
Project("{2150E333-8FDC-42A3-9474-1A3956D46DE8}") = "Infrastructure", "Infrastructure", "{C495D989-AB21-47D3-953C-AF158F2C3BD1}"
EndProject
Project("{2150E333-8FDC-42A3-9474-1A3956D46DE8}") = "Core", "Core", "{0F481ADC-A4B3-490E-BFCB-1459CAAD9882}"
EndProject
Project("{2150E333-8FDC-42A3-9474-1A3956D46DE8}") = "Presentation", "Presentation", "{A586360B-6A48-436D-9BB3-E0C831FB87A9}"
EndProject
Project("{2150E333-8FDC-42A3-9474-1A3956D46DE8}") = "Tests", "Tests", "{9CDB33E9-591E-41A6-8907-F04432FAA0F5}"
EndProject
Project("{9A19103F-16F7-4668-BE54-9A1E7A4F7556}") = "Infrastructure.Interfaces", "Infrastructure.Interfaces\Infrastructure.Interfaces.csproj", "{2FFAA182-78A7-4D21-8BA0-868BA8718450}"
EndProject
Project("{9A19103F-16F7-4668-BE54-9A1E7A4F7556}") = "UnitTest.Integration.Repositories", "UnitTest.Integration.Repositories\UnitTest.Integration.Repositories.csproj", "{BA0D4A11-F1B2-4038-9F9B-4621F72ADB3F}"
EndProject
Project("{9A19103F-16F7-4668-BE54-9A1E7A4F7556}") = "Application", "Application\Application.csproj", "{7E4C3F12-AD60-4264-80E1-6235F669DD7D}"
EndProject
Project("{9A19103F-16F7-4668-BE54-9A1E7A4F7556}") = "Application.Interfaces", "Application.Interfaces\Application.Interfaces.csproj", "{76550B56-C46D-485F-A025-113A0329A3EF}"
EndProject
Project("{9A19103F-16F7-4668-BE54-9A1E7A4F7556}") = "Infrastructure.IoC", "Infrastructure.Ioc\Infrastructure.IoC.csproj", "{0148A224-2875-4E5E-AC8D-C666DD25B943}"
EndProject
Project("{9A19103F-16F7-4668-BE54-9A1E7A4F7556}") = "Application.IoC", "Application.IoC\Application.IoC.csproj", "{7EAEDD4D-F948-4D94-87C8-7E91F86526BA}"
EndProject
Project("{9A19103F-16F7-4668-BE54-9A1E7A4F7556}") = "WebApplication", "WebApplication\WebApplication.csproj", "{329369D4-DEA3-4F55-914C-81B305005F4C}"
EndProject
Global
	GlobalSection(SolutionConfigurationPlatforms) = preSolution
		Debug|Any CPU = Debug|Any CPU
		Release|Any CPU = Release|Any CPU
	EndGlobalSection
	GlobalSection(ProjectConfigurationPlatforms) = postSolution
		{2B0980F3-AA5D-4361-B380-3F0A65913DFA}.Debug|Any CPU.ActiveCfg = Debug|Any CPU
		{2B0980F3-AA5D-4361-B380-3F0A65913DFA}.Debug|Any CPU.Build.0 = Debug|Any CPU
		{2B0980F3-AA5D-4361-B380-3F0A65913DFA}.Release|Any CPU.ActiveCfg = Release|Any CPU
		{2B0980F3-AA5D-4361-B380-3F0A65913DFA}.Release|Any CPU.Build.0 = Release|Any CPU
		{B5E696D5-6EF7-4B59-9C44-9E3FBF8CD027}.Debug|Any CPU.ActiveCfg = Debug|Any CPU
		{B5E696D5-6EF7-4B59-9C44-9E3FBF8CD027}.Debug|Any CPU.Build.0 = Debug|Any CPU
		{B5E696D5-6EF7-4B59-9C44-9E3FBF8CD027}.Release|Any CPU.ActiveCfg = Release|Any CPU
		{B5E696D5-6EF7-4B59-9C44-9E3FBF8CD027}.Release|Any CPU.Build.0 = Release|Any CPU
		{2FFAA182-78A7-4D21-8BA0-868BA8718450}.Debug|Any CPU.ActiveCfg = Debug|Any CPU
		{2FFAA182-78A7-4D21-8BA0-868BA8718450}.Debug|Any CPU.Build.0 = Debug|Any CPU
		{2FFAA182-78A7-4D21-8BA0-868BA8718450}.Release|Any CPU.ActiveCfg = Release|Any CPU
		{2FFAA182-78A7-4D21-8BA0-868BA8718450}.Release|Any CPU.Build.0 = Release|Any CPU
		{BA0D4A11-F1B2-4038-9F9B-4621F72ADB3F}.Debug|Any CPU.ActiveCfg = Debug|Any CPU
		{BA0D4A11-F1B2-4038-9F9B-4621F72ADB3F}.Debug|Any CPU.Build.0 = Debug|Any CPU
		{BA0D4A11-F1B2-4038-9F9B-4621F72ADB3F}.Release|Any CPU.ActiveCfg = Release|Any CPU
		{BA0D4A11-F1B2-4038-9F9B-4621F72ADB3F}.Release|Any CPU.Build.0 = Release|Any CPU
		{7E4C3F12-AD60-4264-80E1-6235F669DD7D}.Debug|Any CPU.ActiveCfg = Debug|Any CPU
		{7E4C3F12-AD60-4264-80E1-6235F669DD7D}.Debug|Any CPU.Build.0 = Debug|Any CPU
		{7E4C3F12-AD60-4264-80E1-6235F669DD7D}.Release|Any CPU.ActiveCfg = Release|Any CPU
		{7E4C3F12-AD60-4264-80E1-6235F669DD7D}.Release|Any CPU.Build.0 = Release|Any CPU
		{76550B56-C46D-485F-A025-113A0329A3EF}.Debug|Any CPU.ActiveCfg = Debug|Any CPU
		{76550B56-C46D-485F-A025-113A0329A3EF}.Debug|Any CPU.Build.0 = Debug|Any CPU
		{76550B56-C46D-485F-A025-113A0329A3EF}.Release|Any CPU.ActiveCfg = Release|Any CPU
		{76550B56-C46D-485F-A025-113A0329A3EF}.Release|Any CPU.Build.0 = Release|Any CPU
		{0148A224-2875-4E5E-AC8D-C666DD25B943}.Debug|Any CPU.ActiveCfg = Debug|Any CPU
		{0148A224-2875-4E5E-AC8D-C666DD25B943}.Debug|Any CPU.Build.0 = Debug|Any CPU
		{0148A224-2875-4E5E-AC8D-C666DD25B943}.Release|Any CPU.ActiveCfg = Release|Any CPU
		{0148A224-2875-4E5E-AC8D-C666DD25B943}.Release|Any CPU.Build.0 = Release|Any CPU
		{7EAEDD4D-F948-4D94-87C8-7E91F86526BA}.Debug|Any CPU.ActiveCfg = Debug|Any CPU
		{7EAEDD4D-F948-4D94-87C8-7E91F86526BA}.Debug|Any CPU.Build.0 = Debug|Any CPU
		{7EAEDD4D-F948-4D94-87C8-7E91F86526BA}.Release|Any CPU.ActiveCfg = Release|Any CPU
		{7EAEDD4D-F948-4D94-87C8-7E91F86526BA}.Release|Any CPU.Build.0 = Release|Any CPU
		{329369D4-DEA3-4F55-914C-81B305005F4C}.Debug|Any CPU.ActiveCfg = Debug|Any CPU
		{329369D4-DEA3-4F55-914C-81B305005F4C}.Debug|Any CPU.Build.0 = Debug|Any CPU
		{329369D4-DEA3-4F55-914C-81B305005F4C}.Release|Any CPU.ActiveCfg = Release|Any CPU
		{329369D4-DEA3-4F55-914C-81B305005F4C}.Release|Any CPU.Build.0 = Release|Any CPU
	EndGlobalSection
	GlobalSection(SolutionProperties) = preSolution
		HideSolutionNode = FALSE
	EndGlobalSection
	GlobalSection(NestedProjects) = preSolution
		{2B0980F3-AA5D-4361-B380-3F0A65913DFA} = {C495D989-AB21-47D3-953C-AF158F2C3BD1}
		{B5E696D5-6EF7-4B59-9C44-9E3FBF8CD027} = {0F481ADC-A4B3-490E-BFCB-1459CAAD9882}
		{2FFAA182-78A7-4D21-8BA0-868BA8718450} = {C495D989-AB21-47D3-953C-AF158F2C3BD1}
		{BA0D4A11-F1B2-4038-9F9B-4621F72ADB3F} = {9CDB33E9-591E-41A6-8907-F04432FAA0F5}
		{7E4C3F12-AD60-4264-80E1-6235F669DD7D} = {0F481ADC-A4B3-490E-BFCB-1459CAAD9882}
		{76550B56-C46D-485F-A025-113A0329A3EF} = {0F481ADC-A4B3-490E-BFCB-1459CAAD9882}
		{0148A224-2875-4E5E-AC8D-C666DD25B943} = {C495D989-AB21-47D3-953C-AF158F2C3BD1}
		{7EAEDD4D-F948-4D94-87C8-7E91F86526BA} = {0F481ADC-A4B3-490E-BFCB-1459CAAD9882}
		{329369D4-DEA3-4F55-914C-81B305005F4C} = {A586360B-6A48-436D-9BB3-E0C831FB87A9}
	EndGlobalSection
	GlobalSection(ExtensibilityGlobals) = postSolution
		SolutionGuid = {CC29BC9B-7CD4-4E4F-8391-3E39C7BA3076}
	EndGlobalSection
EndGlobal
